
Microsoft Visual Studio Solution File, Format Version 12.00
# Visual Studio 15
VisualStudioVersion = 15.0.26430.16
MinimumVisualStudioVersion = 10.0.40219.1
Project("{FAE04EC0-301F-11D3-BF4B-00C04F79EFBC}") = "O365Mobile", "O365Mobile\O365Mobile\O365Mobile.csproj", "{6444A6D4-7E51-497E-8E15-F5897FC2A5C8}"
EndProject
Project("{FAE04EC0-301F-11D3-BF4B-00C04F79EFBC}") = "O365Mobile.Android", "O365Mobile\O365Mobile.Android\O365Mobile.Android.csproj", "{9A38403C-BA33-4B5D-8AD9-5299CEB8C4EE}"
EndProject
Project("{FAE04EC0-301F-11D3-BF4B-00C04F79EFBC}") = "O365Mobile.iOS", "O365Mobile\O365Mobile.iOS\O365Mobile.iOS.csproj", "{EF48FA36-4EC7-4910-9499-02489AF38928}"
EndProject
Project("{FAE04EC0-301F-11D3-BF4B-00C04F79EFBC}") = "O365Mobile.UWP", "O365Mobile\O365Mobile.UWP\O365Mobile.UWP.csproj", "{1C54CDA9-5829-4C9E-A259-2324E1A21332}"
EndProject
Global
	GlobalSection(SolutionConfigurationPlatforms) = preSolution
		Debug|Any CPU = Debug|Any CPU
		Debug|ARM = Debug|ARM
		Debug|iPhone = Debug|iPhone
		Debug|iPhoneSimulator = Debug|iPhoneSimulator
		Debug|x64 = Debug|x64
		Debug|x86 = Debug|x86
		Release|Any CPU = Release|Any CPU
		Release|ARM = Release|ARM
		Release|iPhone = Release|iPhone
		Release|iPhoneSimulator = Release|iPhoneSimulator
		Release|x64 = Release|x64
		Release|x86 = Release|x86
	EndGlobalSection
	GlobalSection(ProjectConfigurationPlatforms) = postSolution
		{6444A6D4-7E51-497E-8E15-F5897FC2A5C8}.Debug|Any CPU.ActiveCfg = Debug|Any CPU
		{6444A6D4-7E51-497E-8E15-F5897FC2A5C8}.Debug|Any CPU.Build.0 = Debug|Any CPU
		{6444A6D4-7E51-497E-8E15-F5897FC2A5C8}.Debug|ARM.ActiveCfg = Debug|Any CPU
		{6444A6D4-7E51-497E-8E15-F5897FC2A5C8}.Debug|ARM.Build.0 = Debug|Any CPU
		{6444A6D4-7E51-497E-8E15-F5897FC2A5C8}.Debug|iPhone.ActiveCfg = Debug|Any CPU
		{6444A6D4-7E51-497E-8E15-F5897FC2A5C8}.Debug|iPhone.Build.0 = Debug|Any CPU
		{6444A6D4-7E51-497E-8E15-F5897FC2A5C8}.Debug|iPhoneSimulator.ActiveCfg = Debug|Any CPU
		{6444A6D4-7E51-497E-8E15-F5897FC2A5C8}.Debug|iPhoneSimulator.Build.0 = Debug|Any CPU
		{6444A6D4-7E51-497E-8E15-F5897FC2A5C8}.Debug|x64.ActiveCfg = Debug|Any CPU
		{6444A6D4-7E51-497E-8E15-F5897FC2A5C8}.Debug|x64.Build.0 = Debug|Any CPU
		{6444A6D4-7E51-497E-8E15-F5897FC2A5C8}.Debug|x86.ActiveCfg = Debug|Any CPU
		{6444A6D4-7E51-497E-8E15-F5897FC2A5C8}.Debug|x86.Build.0 = Debug|Any CPU
		{6444A6D4-7E51-497E-8E15-F5897FC2A5C8}.Release|Any CPU.ActiveCfg = Release|Any CPU
		{6444A6D4-7E51-497E-8E15-F5897FC2A5C8}.Release|Any CPU.Build.0 = Release|Any CPU
		{6444A6D4-7E51-497E-8E15-F5897FC2A5C8}.Release|ARM.ActiveCfg = Release|Any CPU
		{6444A6D4-7E51-497E-8E15-F5897FC2A5C8}.Release|ARM.Build.0 = Release|Any CPU
		{6444A6D4-7E51-497E-8E15-F5897FC2A5C8}.Release|iPhone.ActiveCfg = Release|Any CPU
		{6444A6D4-7E51-497E-8E15-F5897FC2A5C8}.Release|iPhone.Build.0 = Release|Any CPU
		{6444A6D4-7E51-497E-8E15-F5897FC2A5C8}.Release|iPhoneSimulator.ActiveCfg = Release|Any CPU
		{6444A6D4-7E51-497E-8E15-F5897FC2A5C8}.Release|iPhoneSimulator.Build.0 = Release|Any CPU
		{6444A6D4-7E51-497E-8E15-F5897FC2A5C8}.Release|x64.ActiveCfg = Release|Any CPU
		{6444A6D4-7E51-497E-8E15-F5897FC2A5C8}.Release|x64.Build.0 = Release|Any CPU
		{6444A6D4-7E51-497E-8E15-F5897FC2A5C8}.Release|x86.ActiveCfg = Release|Any CPU
		{6444A6D4-7E51-497E-8E15-F5897FC2A5C8}.Release|x86.Build.0 = Release|Any CPU
		{9A38403C-BA33-4B5D-8AD9-5299CEB8C4EE}.Debug|Any CPU.ActiveCfg = Debug|Any CPU
		{9A38403C-BA33-4B5D-8AD9-5299CEB8C4EE}.Debug|Any CPU.Build.0 = Debug|Any CPU
		{9A38403C-BA33-4B5D-8AD9-5299CEB8C4EE}.Debug|Any CPU.Deploy.0 = Debug|Any CPU
		{9A38403C-BA33-4B5D-8AD9-5299CEB8C4EE}.Debug|ARM.ActiveCfg = Debug|Any CPU
		{9A38403C-BA33-4B5D-8AD9-5299CEB8C4EE}.Debug|ARM.Build.0 = Debug|Any CPU
		{9A38403C-BA33-4B5D-8AD9-5299CEB8C4EE}.Debug|ARM.Deploy.0 = Debug|Any CPU
		{9A38403C-BA33-4B5D-8AD9-5299CEB8C4EE}.Debug|iPhone.ActiveCfg = Debug|Any CPU
		{9A38403C-BA33-4B5D-8AD9-5299CEB8C4EE}.Debug|iPhone.Build.0 = Debug|Any CPU
		{9A38403C-BA33-4B5D-8AD9-5299CEB8C4EE}.Debug|iPhone.Deploy.0 = Debug|Any CPU
		{9A38403C-BA33-4B5D-8AD9-5299CEB8C4EE}.Debug|iPhoneSimulator.ActiveCfg = Debug|Any CPU
		{9A38403C-BA33-4B5D-8AD9-5299CEB8C4EE}.Debug|iPhoneSimulator.Build.0 = Debug|Any CPU
		{9A38403C-BA33-4B5D-8AD9-5299CEB8C4EE}.Debug|iPhoneSimulator.Deploy.0 = Debug|Any CPU
		{9A38403C-BA33-4B5D-8AD9-5299CEB8C4EE}.Debug|x64.ActiveCfg = Debug|Any CPU
		{9A38403C-BA33-4B5D-8AD9-5299CEB8C4EE}.Debug|x64.Build.0 = Debug|Any CPU
		{9A38403C-BA33-4B5D-8AD9-5299CEB8C4EE}.Debug|x64.Deploy.0 = Debug|Any CPU
		{9A38403C-BA33-4B5D-8AD9-5299CEB8C4EE}.Debug|x86.ActiveCfg = Debug|Any CPU
		{9A38403C-BA33-4B5D-8AD9-5299CEB8C4EE}.Debug|x86.Build.0 = Debug|Any CPU
		{9A38403C-BA33-4B5D-8AD9-5299CEB8C4EE}.Debug|x86.Deploy.0 = Debug|Any CPU
		{9A38403C-BA33-4B5D-8AD9-5299CEB8C4EE}.Release|Any CPU.ActiveCfg = Release|Any CPU
		{9A38403C-BA33-4B5D-8AD9-5299CEB8C4EE}.Release|Any CPU.Build.0 = Release|Any CPU
		{9A38403C-BA33-4B5D-8AD9-5299CEB8C4EE}.Release|Any CPU.Deploy.0 = Release|Any CPU
		{9A38403C-BA33-4B5D-8AD9-5299CEB8C4EE}.Release|ARM.ActiveCfg = Release|Any CPU
		{9A38403C-BA33-4B5D-8AD9-5299CEB8C4EE}.Release|ARM.Build.0 = Release|Any CPU
		{9A38403C-BA33-4B5D-8AD9-5299CEB8C4EE}.Release|ARM.Deploy.0 = Release|Any CPU
		{9A38403C-BA33-4B5D-8AD9-5299CEB8C4EE}.Release|iPhone.ActiveCfg = Release|Any CPU
		{9A38403C-BA33-4B5D-8AD9-5299CEB8C4EE}.Release|iPhone.Build.0 = Release|Any CPU
		{9A38403C-BA33-4B5D-8AD9-5299CEB8C4EE}.Release|iPhone.Deploy.0 = Release|Any CPU
		{9A38403C-BA33-4B5D-8AD9-5299CEB8C4EE}.Release|iPhoneSimulator.ActiveCfg = Release|Any CPU
		{9A38403C-BA33-4B5D-8AD9-5299CEB8C4EE}.Release|iPhoneSimulator.Build.0 = Release|Any CPU
		{9A38403C-BA33-4B5D-8AD9-5299CEB8C4EE}.Release|iPhoneSimulator.Deploy.0 = Release|Any CPU
		{9A38403C-BA33-4B5D-8AD9-5299CEB8C4EE}.Release|x64.ActiveCfg = Release|Any CPU
		{9A38403C-BA33-4B5D-8AD9-5299CEB8C4EE}.Release|x64.Build.0 = Release|Any CPU
		{9A38403C-BA33-4B5D-8AD9-5299CEB8C4EE}.Release|x64.Deploy.0 = Release|Any CPU
		{9A38403C-BA33-4B5D-8AD9-5299CEB8C4EE}.Release|x86.ActiveCfg = Release|Any CPU
		{9A38403C-BA33-4B5D-8AD9-5299CEB8C4EE}.Release|x86.Build.0 = Release|Any CPU
		{9A38403C-BA33-4B5D-8AD9-5299CEB8C4EE}.Release|x86.Deploy.0 = Release|Any CPU
		{EF48FA36-4EC7-4910-9499-02489AF38928}.Debug|Any CPU.ActiveCfg = Debug|iPhone
		{EF48FA36-4EC7-4910-9499-02489AF38928}.Debug|ARM.ActiveCfg = Debug|iPhone
		{EF48FA36-4EC7-4910-9499-02489AF38928}.Debug|iPhone.ActiveCfg = Debug|iPhone
		{EF48FA36-4EC7-4910-9499-02489AF38928}.Debug|iPhone.Build.0 = Debug|iPhone
		{EF48FA36-4EC7-4910-9499-02489AF38928}.Debug|iPhoneSimulator.ActiveCfg = Debug|iPhoneSimulator
		{EF48FA36-4EC7-4910-9499-02489AF38928}.Debug|iPhoneSimulator.Build.0 = Debug|iPhoneSimulator
		{EF48FA36-4EC7-4910-9499-02489AF38928}.Debug|x64.ActiveCfg = Debug|iPhone
		{EF48FA36-4EC7-4910-9499-02489AF38928}.Debug|x86.ActiveCfg = Debug|iPhone
		{EF48FA36-4EC7-4910-9499-02489AF38928}.Release|Any CPU.ActiveCfg = Release|iPhone
		{EF48FA36-4EC7-4910-9499-02489AF38928}.Release|ARM.ActiveCfg = Release|iPhone
		{EF48FA36-4EC7-4910-9499-02489AF38928}.Release|iPhone.ActiveCfg = Release|iPhone
		{EF48FA36-4EC7-4910-9499-02489AF38928}.Release|iPhone.Build.0 = Release|iPhone
		{EF48FA36-4EC7-4910-9499-02489AF38928}.Release|iPhoneSimulator.ActiveCfg = Release|iPhoneSimulator
		{EF48FA36-4EC7-4910-9499-02489AF38928}.Release|iPhoneSimulator.Build.0 = Release|iPhoneSimulator
		{EF48FA36-4EC7-4910-9499-02489AF38928}.Release|x64.ActiveCfg = Release|iPhone
		{EF48FA36-4EC7-4910-9499-02489AF38928}.Release|x86.ActiveCfg = Release|iPhone
		{1C54CDA9-5829-4C9E-A259-2324E1A21332}.Debug|Any CPU.ActiveCfg = Debug|x86
		{1C54CDA9-5829-4C9E-A259-2324E1A21332}.Debug|ARM.ActiveCfg = Debug|ARM
		{1C54CDA9-5829-4C9E-A259-2324E1A21332}.Debug|ARM.Build.0 = Debug|ARM
		{1C54CDA9-5829-4C9E-A259-2324E1A21332}.Debug|ARM.Deploy.0 = Debug|ARM
		{1C54CDA9-5829-4C9E-A259-2324E1A21332}.Debug|iPhone.ActiveCfg = Debug|x86
		{1C54CDA9-5829-4C9E-A259-2324E1A21332}.Debug|iPhoneSimulator.ActiveCfg = Debug|x86
		{1C54CDA9-5829-4C9E-A259-2324E1A21332}.Debug|x64.ActiveCfg = Debug|x64
		{1C54CDA9-5829-4C9E-A259-2324E1A21332}.Debug|x64.Build.0 = Debug|x64
		{1C54CDA9-5829-4C9E-A259-2324E1A21332}.Debug|x64.Deploy.0 = Debug|x64
		{1C54CDA9-5829-4C9E-A259-2324E1A21332}.Debug|x86.ActiveCfg = Debug|x86
		{1C54CDA9-5829-4C9E-A259-2324E1A21332}.Debug|x86.Build.0 = Debug|x86
		{1C54CDA9-5829-4C9E-A259-2324E1A21332}.Debug|x86.Deploy.0 = Debug|x86
		{1C54CDA9-5829-4C9E-A259-2324E1A21332}.Release|Any CPU.ActiveCfg = Release|x86
		{1C54CDA9-5829-4C9E-A259-2324E1A21332}.Release|ARM.ActiveCfg = Release|ARM
		{1C54CDA9-5829-4C9E-A259-2324E1A21332}.Release|ARM.Build.0 = Release|ARM
		{1C54CDA9-5829-4C9E-A259-2324E1A21332}.Release|ARM.Deploy.0 = Release|ARM
		{1C54CDA9-5829-4C9E-A259-2324E1A21332}.Release|iPhone.ActiveCfg = Release|x86
		{1C54CDA9-5829-4C9E-A259-2324E1A21332}.Release|iPhoneSimulator.ActiveCfg = Release|x86
		{1C54CDA9-5829-4C9E-A259-2324E1A21332}.Release|x64.ActiveCfg = Release|x64
		{1C54CDA9-5829-4C9E-A259-2324E1A21332}.Release|x64.Build.0 = Release|x64
		{1C54CDA9-5829-4C9E-A259-2324E1A21332}.Release|x64.Deploy.0 = Release|x64
		{1C54CDA9-5829-4C9E-A259-2324E1A21332}.Release|x86.ActiveCfg = Release|x86
		{1C54CDA9-5829-4C9E-A259-2324E1A21332}.Release|x86.Build.0 = Release|x86
		{1C54CDA9-5829-4C9E-A259-2324E1A21332}.Release|x86.Deploy.0 = Release|x86
	EndGlobalSection
	GlobalSection(SolutionProperties) = preSolution
		HideSolutionNode = FALSE
	EndGlobalSection
EndGlobal
